// !$*UTF8*$!
{
	archiveVersion = 1;
	classes = {
	};
	objectVersion = 48;
	objects = {

/* Begin PBXBuildFile section */
		21226CE120E10AB700D05D94 /* Main.storyboard in Resources */ = {isa = PBXBuildFile; fileRef = 21226CDF20E10AB700D05D94 /* Main.storyboard */; };
		21226CE320E10AB700D05D94 /* Assets.xcassets in Resources */ = {isa = PBXBuildFile; fileRef = 21226CE220E10AB700D05D94 /* Assets.xcassets */; };
		21226CE620E10AB700D05D94 /* LaunchScreen.storyboard in Resources */ = {isa = PBXBuildFile; fileRef = 21226CE420E10AB700D05D94 /* LaunchScreen.storyboard */; };
		21226CF120E10AB700D05D94 /* SwiftAppTests.swift in Sources */ = {isa = PBXBuildFile; fileRef = 21226CF020E10AB700D05D94 /* SwiftAppTests.swift */; };
		21226CFC20E10AB700D05D94 /* SwiftAppUITests.swift in Sources */ = {isa = PBXBuildFile; fileRef = 21226CFB20E10AB700D05D94 /* SwiftAppUITests.swift */; };
		21226D3820E10B2E00D05D94 /* AppDelegate.swift in Sources */ = {isa = PBXBuildFile; fileRef = 21226D0A20E10B2E00D05D94 /* AppDelegate.swift */; };
		21226D3920E10B2E00D05D94 /* InactivityTimer.swift in Sources */ = {isa = PBXBuildFile; fileRef = 21226D0B20E10B2E00D05D94 /* InactivityTimer.swift */; };
		21226D3A20E10B2E00D05D94 /* main.swift in Sources */ = {isa = PBXBuildFile; fileRef = 21226D0C20E10B2E00D05D94 /* main.swift */; };
		21226D3B20E10B2E00D05D94 /* ForgotPasswordViewController.swift in Sources */ = {isa = PBXBuildFile; fileRef = 21226D0E20E10B2E00D05D94 /* ForgotPasswordViewController.swift */; };
		21226D3C20E10B2E00D05D94 /* LoginViewController.swift in Sources */ = {isa = PBXBuildFile; fileRef = 21226D0F20E10B2E00D05D94 /* LoginViewController.swift */; };
		21226D3D20E10B2E00D05D94 /* Constants.swift in Sources */ = {isa = PBXBuildFile; fileRef = 21226D1120E10B2E00D05D94 /* Constants.swift */; };
		21226D3E20E10B2E00D05D94 /* ColorPicker.swift in Sources */ = {isa = PBXBuildFile; fileRef = 21226D1320E10B2E00D05D94 /* ColorPicker.swift */; };
		21226D3F20E10B2E00D05D94 /* ActionButton.swift in Sources */ = {isa = PBXBuildFile; fileRef = 21226D1620E10B2E00D05D94 /* ActionButton.swift */; };
		21226D4020E10B2E00D05D94 /* ActionButtonItem.swift in Sources */ = {isa = PBXBuildFile; fileRef = 21226D1720E10B2E00D05D94 /* ActionButtonItem.swift */; };
		21226D4120E10B2E00D05D94 /* FloatingLabelTextField.swift in Sources */ = {isa = PBXBuildFile; fileRef = 21226D1820E10B2E00D05D94 /* FloatingLabelTextField.swift */; };
		21226D4220E10B2E00D05D94 /* KeychainWrapper.swift in Sources */ = {isa = PBXBuildFile; fileRef = 21226D1920E10B2E00D05D94 /* KeychainWrapper.swift */; };
		21226D4320E10B2E00D05D94 /* Reachability.swift in Sources */ = {isa = PBXBuildFile; fileRef = 21226D1A20E10B2E00D05D94 /* Reachability.swift */; };
		21226D4420E10B2E00D05D94 /* ToastAlert.swift in Sources */ = {isa = PBXBuildFile; fileRef = 21226D1B20E10B2E00D05D94 /* ToastAlert.swift */; };
		21226D4520E10B2E00D05D94 /* ButtonCell.xib in Resources */ = {isa = PBXBuildFile; fileRef = 21226D1D20E10B2E00D05D94 /* ButtonCell.xib */; };
		21226D4620E10B2E00D05D94 /* PagerTabStrip.swift in Sources */ = {isa = PBXBuildFile; fileRef = 21226D1E20E10B2E00D05D94 /* PagerTabStrip.swift */; };
		21226D4720E10B2E00D05D94 /* AppDelegateExtension.swift in Sources */ = {isa = PBXBuildFile; fileRef = 21226D2020E10B2E00D05D94 /* AppDelegateExtension.swift */; };
		21226D4820E10B2E00D05D94 /* CALayerExtension.swift in Sources */ = {isa = PBXBuildFile; fileRef = 21226D2120E10B2E00D05D94 /* CALayerExtension.swift */; };
		21226D4920E10B2E00D05D94 /* DateExtension.swift in Sources */ = {isa = PBXBuildFile; fileRef = 21226D2220E10B2E00D05D94 /* DateExtension.swift */; };
		21226D4A20E10B2E00D05D94 /* DoubleExtension.swift in Sources */ = {isa = PBXBuildFile; fileRef = 21226D2320E10B2E00D05D94 /* DoubleExtension.swift */; };
		21226D4B20E10B2E00D05D94 /* NotificationExtension.swift in Sources */ = {isa = PBXBuildFile; fileRef = 21226D2420E10B2E00D05D94 /* NotificationExtension.swift */; };
		21226D4C20E10B2E00D05D94 /* StringExtension.swift in Sources */ = {isa = PBXBuildFile; fileRef = 21226D2520E10B2E00D05D94 /* StringExtension.swift */; };
		21226D4D20E10B2E00D05D94 /* TimeZoneExtension.swift in Sources */ = {isa = PBXBuildFile; fileRef = 21226D2620E10B2E00D05D94 /* TimeZoneExtension.swift */; };
		21226D4E20E10B2E00D05D94 /* UIButtonExtension.swift in Sources */ = {isa = PBXBuildFile; fileRef = 21226D2720E10B2E00D05D94 /* UIButtonExtension.swift */; };
		21226D4F20E10B2E00D05D94 /* UIColorExtension.swift in Sources */ = {isa = PBXBuildFile; fileRef = 21226D2820E10B2E00D05D94 /* UIColorExtension.swift */; };
		21226D5020E10B2E00D05D94 /* UIImageExtension.swift in Sources */ = {isa = PBXBuildFile; fileRef = 21226D2920E10B2E00D05D94 /* UIImageExtension.swift */; };
		21226D5120E10B2E00D05D94 /* UIImageViewExtension.swift in Sources */ = {isa = PBXBuildFile; fileRef = 21226D2A20E10B2E00D05D94 /* UIImageViewExtension.swift */; };
		21226D5220E10B2E00D05D94 /* UINavigationBarExtension.swift in Sources */ = {isa = PBXBuildFile; fileRef = 21226D2B20E10B2E00D05D94 /* UINavigationBarExtension.swift */; };
		21226D5320E10B2E00D05D94 /* UITableViewCellExtension.swift in Sources */ = {isa = PBXBuildFile; fileRef = 21226D2C20E10B2E00D05D94 /* UITableViewCellExtension.swift */; };
		21226D5420E10B2E00D05D94 /* UITextFieldExtension.swift in Sources */ = {isa = PBXBuildFile; fileRef = 21226D2D20E10B2E00D05D94 /* UITextFieldExtension.swift */; };
		21226D5520E10B2E00D05D94 /* UIViewControllerExtension.swift in Sources */ = {isa = PBXBuildFile; fileRef = 21226D2E20E10B2E00D05D94 /* UIViewControllerExtension.swift */; };
		21226D5620E10B2E00D05D94 /* UIViewExtension.swift in Sources */ = {isa = PBXBuildFile; fileRef = 21226D2F20E10B2E00D05D94 /* UIViewExtension.swift */; };
		21226D5720E10B2E00D05D94 /* AuthHandler.swift in Sources */ = {isa = PBXBuildFile; fileRef = 21226D3120E10B2E00D05D94 /* AuthHandler.swift */; };
		21226D5820E10B2E00D05D94 /* NetworkConstants.swift in Sources */ = {isa = PBXBuildFile; fileRef = 21226D3220E10B2E00D05D94 /* NetworkConstants.swift */; };
		4FF599B22BCB919CA9DC2777 /* Pods_SwiftAppTests.framework in Frameworks */ = {isa = PBXBuildFile; fileRef = 8D6E5A89D2F34D77471BBAEB /* Pods_SwiftAppTests.framework */; };
		59FBA48CFA35E5A55DFF759E /* Pods_SwiftAppUITests.framework in Frameworks */ = {isa = PBXBuildFile; fileRef = 1F95B65049DF5D8E0ADC2EF6 /* Pods_SwiftAppUITests.framework */; };
		629E9DB05FF259FAF35A80B9 /* Pods_SwiftApp.framework in Frameworks */ = {isa = PBXBuildFile; fileRef = 3888E3D3C4D0587C12579E86 /* Pods_SwiftApp.framework */; };
/* End PBXBuildFile section */

/* Begin PBXContainerItemProxy section */
		21226CED20E10AB700D05D94 /* PBXContainerItemProxy */ = {
			isa = PBXContainerItemProxy;
			containerPortal = 21226CD020E10AB700D05D94 /* Project object */;
			proxyType = 1;
			remoteGlobalIDString = 21226CD720E10AB700D05D94;
			remoteInfo = SwiftApp;
		};
		21226CF820E10AB700D05D94 /* PBXContainerItemProxy */ = {
			isa = PBXContainerItemProxy;
			containerPortal = 21226CD020E10AB700D05D94 /* Project object */;
			proxyType = 1;
			remoteGlobalIDString = 21226CD720E10AB700D05D94;
			remoteInfo = SwiftApp;
		};
/* End PBXContainerItemProxy section */

/* Begin PBXFileReference section */
		008A4531EF822AB30FDF5A74 /* Pods-SwiftAppUITests.release.xcconfig */ = {isa = PBXFileReference; includeInIndex = 1; lastKnownFileType = text.xcconfig; name = "Pods-SwiftAppUITests.release.xcconfig"; path = "Pods/Target Support Files/Pods-SwiftAppUITests/Pods-SwiftAppUITests.release.xcconfig"; sourceTree = "<group>"; };
		1F95B65049DF5D8E0ADC2EF6 /* Pods_SwiftAppUITests.framework */ = {isa = PBXFileReference; explicitFileType = wrapper.framework; includeInIndex = 0; path = Pods_SwiftAppUITests.framework; sourceTree = BUILT_PRODUCTS_DIR; };
		21226CD820E10AB700D05D94 /* SwiftApp.app */ = {isa = PBXFileReference; explicitFileType = wrapper.application; includeInIndex = 0; path = SwiftApp.app; sourceTree = BUILT_PRODUCTS_DIR; };
		21226CE020E10AB700D05D94 /* Base */ = {isa = PBXFileReference; lastKnownFileType = file.storyboard; name = Base; path = Base.lproj/Main.storyboard; sourceTree = "<group>"; };
		21226CE220E10AB700D05D94 /* Assets.xcassets */ = {isa = PBXFileReference; lastKnownFileType = folder.assetcatalog; path = Assets.xcassets; sourceTree = "<group>"; };
		21226CE520E10AB700D05D94 /* Base */ = {isa = PBXFileReference; lastKnownFileType = file.storyboard; name = Base; path = Base.lproj/LaunchScreen.storyboard; sourceTree = "<group>"; };
		21226CE720E10AB700D05D94 /* Info.plist */ = {isa = PBXFileReference; lastKnownFileType = text.plist.xml; path = Info.plist; sourceTree = "<group>"; };
		21226CEC20E10AB700D05D94 /* SwiftAppTests.xctest */ = {isa = PBXFileReference; explicitFileType = wrapper.cfbundle; includeInIndex = 0; path = SwiftAppTests.xctest; sourceTree = BUILT_PRODUCTS_DIR; };
		21226CF020E10AB700D05D94 /* SwiftAppTests.swift */ = {isa = PBXFileReference; lastKnownFileType = sourcecode.swift; path = SwiftAppTests.swift; sourceTree = "<group>"; };
		21226CF220E10AB700D05D94 /* Info.plist */ = {isa = PBXFileReference; lastKnownFileType = text.plist.xml; path = Info.plist; sourceTree = "<group>"; };
		21226CF720E10AB700D05D94 /* SwiftAppUITests.xctest */ = {isa = PBXFileReference; explicitFileType = wrapper.cfbundle; includeInIndex = 0; path = SwiftAppUITests.xctest; sourceTree = BUILT_PRODUCTS_DIR; };
		21226CFB20E10AB700D05D94 /* SwiftAppUITests.swift */ = {isa = PBXFileReference; lastKnownFileType = sourcecode.swift; path = SwiftAppUITests.swift; sourceTree = "<group>"; };
		21226CFD20E10AB700D05D94 /* Info.plist */ = {isa = PBXFileReference; lastKnownFileType = text.plist.xml; path = Info.plist; sourceTree = "<group>"; };
		21226D0A20E10B2E00D05D94 /* AppDelegate.swift */ = {isa = PBXFileReference; fileEncoding = 4; lastKnownFileType = sourcecode.swift; path = AppDelegate.swift; sourceTree = "<group>"; };
		21226D0B20E10B2E00D05D94 /* InactivityTimer.swift */ = {isa = PBXFileReference; fileEncoding = 4; lastKnownFileType = sourcecode.swift; path = InactivityTimer.swift; sourceTree = "<group>"; };
		21226D0C20E10B2E00D05D94 /* main.swift */ = {isa = PBXFileReference; fileEncoding = 4; lastKnownFileType = sourcecode.swift; path = main.swift; sourceTree = "<group>"; };
		21226D0E20E10B2E00D05D94 /* ForgotPasswordViewController.swift */ = {isa = PBXFileReference; fileEncoding = 4; lastKnownFileType = sourcecode.swift; path = ForgotPasswordViewController.swift; sourceTree = "<group>"; };
		21226D0F20E10B2E00D05D94 /* LoginViewController.swift */ = {isa = PBXFileReference; fileEncoding = 4; lastKnownFileType = sourcecode.swift; path = LoginViewController.swift; sourceTree = "<group>"; };
		21226D1120E10B2E00D05D94 /* Constants.swift */ = {isa = PBXFileReference; fileEncoding = 4; lastKnownFileType = sourcecode.swift; path = Constants.swift; sourceTree = "<group>"; };
		21226D1320E10B2E00D05D94 /* ColorPicker.swift */ = {isa = PBXFileReference; fileEncoding = 4; lastKnownFileType = sourcecode.swift; path = ColorPicker.swift; sourceTree = "<group>"; };
		21226D1420E10B2E00D05D94 /* CommonDigest.h */ = {isa = PBXFileReference; fileEncoding = 4; lastKnownFileType = sourcecode.c.h; path = CommonDigest.h; sourceTree = "<group>"; };
		21226D1620E10B2E00D05D94 /* ActionButton.swift */ = {isa = PBXFileReference; fileEncoding = 4; lastKnownFileType = sourcecode.swift; path = ActionButton.swift; sourceTree = "<group>"; };
		21226D1720E10B2E00D05D94 /* ActionButtonItem.swift */ = {isa = PBXFileReference; fileEncoding = 4; lastKnownFileType = sourcecode.swift; path = ActionButtonItem.swift; sourceTree = "<group>"; };
		21226D1820E10B2E00D05D94 /* FloatingLabelTextField.swift */ = {isa = PBXFileReference; fileEncoding = 4; lastKnownFileType = sourcecode.swift; path = FloatingLabelTextField.swift; sourceTree = "<group>"; };
		21226D1920E10B2E00D05D94 /* KeychainWrapper.swift */ = {isa = PBXFileReference; fileEncoding = 4; lastKnownFileType = sourcecode.swift; path = KeychainWrapper.swift; sourceTree = "<group>"; };
		21226D1A20E10B2E00D05D94 /* Reachability.swift */ = {isa = PBXFileReference; fileEncoding = 4; lastKnownFileType = sourcecode.swift; path = Reachability.swift; sourceTree = "<group>"; };
		21226D1B20E10B2E00D05D94 /* ToastAlert.swift */ = {isa = PBXFileReference; fileEncoding = 4; lastKnownFileType = sourcecode.swift; path = ToastAlert.swift; sourceTree = "<group>"; };
		21226D1D20E10B2E00D05D94 /* ButtonCell.xib */ = {isa = PBXFileReference; fileEncoding = 4; lastKnownFileType = file.xib; path = ButtonCell.xib; sourceTree = "<group>"; };
		21226D1E20E10B2E00D05D94 /* PagerTabStrip.swift */ = {isa = PBXFileReference; fileEncoding = 4; lastKnownFileType = sourcecode.swift; path = PagerTabStrip.swift; sourceTree = "<group>"; };
		21226D2020E10B2E00D05D94 /* AppDelegateExtension.swift */ = {isa = PBXFileReference; fileEncoding = 4; lastKnownFileType = sourcecode.swift; path = AppDelegateExtension.swift; sourceTree = "<group>"; };
		21226D2120E10B2E00D05D94 /* CALayerExtension.swift */ = {isa = PBXFileReference; fileEncoding = 4; lastKnownFileType = sourcecode.swift; path = CALayerExtension.swift; sourceTree = "<group>"; };
		21226D2220E10B2E00D05D94 /* DateExtension.swift */ = {isa = PBXFileReference; fileEncoding = 4; lastKnownFileType = sourcecode.swift; path = DateExtension.swift; sourceTree = "<group>"; };
		21226D2320E10B2E00D05D94 /* DoubleExtension.swift */ = {isa = PBXFileReference; fileEncoding = 4; lastKnownFileType = sourcecode.swift; path = DoubleExtension.swift; sourceTree = "<group>"; };
		21226D2420E10B2E00D05D94 /* NotificationExtension.swift */ = {isa = PBXFileReference; fileEncoding = 4; lastKnownFileType = sourcecode.swift; path = NotificationExtension.swift; sourceTree = "<group>"; };
		21226D2520E10B2E00D05D94 /* StringExtension.swift */ = {isa = PBXFileReference; fileEncoding = 4; lastKnownFileType = sourcecode.swift; path = StringExtension.swift; sourceTree = "<group>"; };
		21226D2620E10B2E00D05D94 /* TimeZoneExtension.swift */ = {isa = PBXFileReference; fileEncoding = 4; lastKnownFileType = sourcecode.swift; path = TimeZoneExtension.swift; sourceTree = "<group>"; };
		21226D2720E10B2E00D05D94 /* UIButtonExtension.swift */ = {isa = PBXFileReference; fileEncoding = 4; lastKnownFileType = sourcecode.swift; path = UIButtonExtension.swift; sourceTree = "<group>"; };
		21226D2820E10B2E00D05D94 /* UIColorExtension.swift */ = {isa = PBXFileReference; fileEncoding = 4; lastKnownFileType = sourcecode.swift; path = UIColorExtension.swift; sourceTree = "<group>"; };
		21226D2920E10B2E00D05D94 /* UIImageExtension.swift */ = {isa = PBXFileReference; fileEncoding = 4; lastKnownFileType = sourcecode.swift; path = UIImageExtension.swift; sourceTree = "<group>"; };
		21226D2A20E10B2E00D05D94 /* UIImageViewExtension.swift */ = {isa = PBXFileReference; fileEncoding = 4; lastKnownFileType = sourcecode.swift; path = UIImageViewExtension.swift; sourceTree = "<group>"; };
		21226D2B20E10B2E00D05D94 /* UINavigationBarExtension.swift */ = {isa = PBXFileReference; fileEncoding = 4; lastKnownFileType = sourcecode.swift; path = UINavigationBarExtension.swift; sourceTree = "<group>"; };
		21226D2C20E10B2E00D05D94 /* UITableViewCellExtension.swift */ = {isa = PBXFileReference; fileEncoding = 4; lastKnownFileType = sourcecode.swift; path = UITableViewCellExtension.swift; sourceTree = "<group>"; };
		21226D2D20E10B2E00D05D94 /* UITextFieldExtension.swift */ = {isa = PBXFileReference; fileEncoding = 4; lastKnownFileType = sourcecode.swift; path = UITextFieldExtension.swift; sourceTree = "<group>"; };
		21226D2E20E10B2E00D05D94 /* UIViewControllerExtension.swift */ = {isa = PBXFileReference; fileEncoding = 4; lastKnownFileType = sourcecode.swift; path = UIViewControllerExtension.swift; sourceTree = "<group>"; };
		21226D2F20E10B2E00D05D94 /* UIViewExtension.swift */ = {isa = PBXFileReference; fileEncoding = 4; lastKnownFileType = sourcecode.swift; path = UIViewExtension.swift; sourceTree = "<group>"; };
		21226D3120E10B2E00D05D94 /* AuthHandler.swift */ = {isa = PBXFileReference; fileEncoding = 4; lastKnownFileType = sourcecode.swift; path = AuthHandler.swift; sourceTree = "<group>"; };
		21226D3220E10B2E00D05D94 /* NetworkConstants.swift */ = {isa = PBXFileReference; fileEncoding = 4; lastKnownFileType = sourcecode.swift; path = NetworkConstants.swift; sourceTree = "<group>"; };
		353C85BD380755B1D24A5EBA /* Pods-SwiftAppUITests.debug.xcconfig */ = {isa = PBXFileReference; includeInIndex = 1; lastKnownFileType = text.xcconfig; name = "Pods-SwiftAppUITests.debug.xcconfig"; path = "Pods/Target Support Files/Pods-SwiftAppUITests/Pods-SwiftAppUITests.debug.xcconfig"; sourceTree = "<group>"; };
		3888E3D3C4D0587C12579E86 /* Pods_SwiftApp.framework */ = {isa = PBXFileReference; explicitFileType = wrapper.framework; includeInIndex = 0; path = Pods_SwiftApp.framework; sourceTree = BUILT_PRODUCTS_DIR; };
		78964DC6FAECBCA8CD7D57EF /* Pods-SwiftAppTests.debug.xcconfig */ = {isa = PBXFileReference; includeInIndex = 1; lastKnownFileType = text.xcconfig; name = "Pods-SwiftAppTests.debug.xcconfig"; path = "Pods/Target Support Files/Pods-SwiftAppTests/Pods-SwiftAppTests.debug.xcconfig"; sourceTree = "<group>"; };
		8D6E5A89D2F34D77471BBAEB /* Pods_SwiftAppTests.framework */ = {isa = PBXFileReference; explicitFileType = wrapper.framework; includeInIndex = 0; path = Pods_SwiftAppTests.framework; sourceTree = BUILT_PRODUCTS_DIR; };
		A3AE8DAAB5F4D1474A272AB5 /* Pods-SwiftAppTests.release.xcconfig */ = {isa = PBXFileReference; includeInIndex = 1; lastKnownFileType = text.xcconfig; name = "Pods-SwiftAppTests.release.xcconfig"; path = "Pods/Target Support Files/Pods-SwiftAppTests/Pods-SwiftAppTests.release.xcconfig"; sourceTree = "<group>"; };
		EBF190ED0AE7F629B1E95085 /* Pods-SwiftApp.debug.xcconfig */ = {isa = PBXFileReference; includeInIndex = 1; lastKnownFileType = text.xcconfig; name = "Pods-SwiftApp.debug.xcconfig"; path = "Pods/Target Support Files/Pods-SwiftApp/Pods-SwiftApp.debug.xcconfig"; sourceTree = "<group>"; };
		F89622063120AE9F179B2BF8 /* Pods-SwiftApp.release.xcconfig */ = {isa = PBXFileReference; includeInIndex = 1; lastKnownFileType = text.xcconfig; name = "Pods-SwiftApp.release.xcconfig"; path = "Pods/Target Support Files/Pods-SwiftApp/Pods-SwiftApp.release.xcconfig"; sourceTree = "<group>"; };
/* End PBXFileReference section */

/* Begin PBXFrameworksBuildPhase section */
		21226CD520E10AB700D05D94 /* Frameworks */ = {
			isa = PBXFrameworksBuildPhase;
			buildActionMask = 2147483647;
			files = (
				629E9DB05FF259FAF35A80B9 /* Pods_SwiftApp.framework in Frameworks */,
			);
			runOnlyForDeploymentPostprocessing = 0;
		};
		21226CE920E10AB700D05D94 /* Frameworks */ = {
			isa = PBXFrameworksBuildPhase;
			buildActionMask = 2147483647;
			files = (
				4FF599B22BCB919CA9DC2777 /* Pods_SwiftAppTests.framework in Frameworks */,
			);
			runOnlyForDeploymentPostprocessing = 0;
		};
		21226CF420E10AB700D05D94 /* Frameworks */ = {
			isa = PBXFrameworksBuildPhase;
			buildActionMask = 2147483647;
			files = (
				59FBA48CFA35E5A55DFF759E /* Pods_SwiftAppUITests.framework in Frameworks */,
			);
			runOnlyForDeploymentPostprocessing = 0;
		};
/* End PBXFrameworksBuildPhase section */

/* Begin PBXGroup section */
		21226CCF20E10AB700D05D94 = {
			isa = PBXGroup;
			children = (
				21226CDA20E10AB700D05D94 /* SwiftApp */,
				21226CEF20E10AB700D05D94 /* SwiftAppTests */,
				21226CFA20E10AB700D05D94 /* SwiftAppUITests */,
				21226CD920E10AB700D05D94 /* Products */,
				B4FC5A6C53AFFD8F8B3ACEB0 /* Pods */,
				690ED783B90782061D868F28 /* Frameworks */,
			);
			sourceTree = "<group>";
		};
		21226CD920E10AB700D05D94 /* Products */ = {
			isa = PBXGroup;
			children = (
				21226CD820E10AB700D05D94 /* SwiftApp.app */,
				21226CEC20E10AB700D05D94 /* SwiftAppTests.xctest */,
				21226CF720E10AB700D05D94 /* SwiftAppUITests.xctest */,
			);
			name = Products;
			sourceTree = "<group>";
		};
		21226CDA20E10AB700D05D94 /* SwiftApp */ = {
			isa = PBXGroup;
			children = (
				21226D0920E10B2E00D05D94 /* AppDelegate */,
				21226D3020E10B2E00D05D94 /* Network */,
				21226D0D20E10B2E00D05D94 /* ViewController */,
				21226D3320E10B2E00D05D94 /* Storyboard */,
				21226D1020E10B2E00D05D94 /* HelperClass */,
				21226D5B20E10B4B00D05D94 /* Resources */,
			);
			path = SwiftApp;
			sourceTree = "<group>";
		};
		21226CEF20E10AB700D05D94 /* SwiftAppTests */ = {
			isa = PBXGroup;
			children = (
				21226CF020E10AB700D05D94 /* SwiftAppTests.swift */,
				21226CF220E10AB700D05D94 /* Info.plist */,
			);
			path = SwiftAppTests;
			sourceTree = "<group>";
		};
		21226CFA20E10AB700D05D94 /* SwiftAppUITests */ = {
			isa = PBXGroup;
			children = (
				21226CFB20E10AB700D05D94 /* SwiftAppUITests.swift */,
				21226CFD20E10AB700D05D94 /* Info.plist */,
			);
			path = SwiftAppUITests;
			sourceTree = "<group>";
		};
		21226D0920E10B2E00D05D94 /* AppDelegate */ = {
			isa = PBXGroup;
			children = (
				21226D0A20E10B2E00D05D94 /* AppDelegate.swift */,
				21226D0B20E10B2E00D05D94 /* InactivityTimer.swift */,
				21226D0C20E10B2E00D05D94 /* main.swift */,
			);
			path = AppDelegate;
			sourceTree = "<group>";
		};
		21226D0D20E10B2E00D05D94 /* ViewController */ = {
			isa = PBXGroup;
			children = (
				21226D0E20E10B2E00D05D94 /* ForgotPasswordViewController.swift */,
				21226D0F20E10B2E00D05D94 /* LoginViewController.swift */,
			);
			path = ViewController;
			sourceTree = "<group>";
		};
		21226D1020E10B2E00D05D94 /* HelperClass */ = {
			isa = PBXGroup;
			children = (
				21226D1120E10B2E00D05D94 /* Constants.swift */,
				21226D1220E10B2E00D05D94 /* CustomClasses */,
				21226D1F20E10B2E00D05D94 /* Extensions */,
			);
			path = HelperClass;
			sourceTree = "<group>";
		};
		21226D1220E10B2E00D05D94 /* CustomClasses */ = {
			isa = PBXGroup;
			children = (
				21226D1320E10B2E00D05D94 /* ColorPicker.swift */,
				21226D1420E10B2E00D05D94 /* CommonDigest.h */,
				21226D1520E10B2E00D05D94 /* FloatButton */,
				21226D1820E10B2E00D05D94 /* FloatingLabelTextField.swift */,
				21226D1920E10B2E00D05D94 /* KeychainWrapper.swift */,
				21226D1A20E10B2E00D05D94 /* Reachability.swift */,
				21226D1B20E10B2E00D05D94 /* ToastAlert.swift */,
				21226D1C20E10B2E00D05D94 /* TopTabPager */,
			);
			path = CustomClasses;
			sourceTree = "<group>";
		};
		21226D1520E10B2E00D05D94 /* FloatButton */ = {
			isa = PBXGroup;
			children = (
				21226D1620E10B2E00D05D94 /* ActionButton.swift */,
				21226D1720E10B2E00D05D94 /* ActionButtonItem.swift */,
			);
			path = FloatButton;
			sourceTree = "<group>";
		};
		21226D1C20E10B2E00D05D94 /* TopTabPager */ = {
			isa = PBXGroup;
			children = (
				21226D1D20E10B2E00D05D94 /* ButtonCell.xib */,
				21226D1E20E10B2E00D05D94 /* PagerTabStrip.swift */,
			);
			path = TopTabPager;
			sourceTree = "<group>";
		};
		21226D1F20E10B2E00D05D94 /* Extensions */ = {
			isa = PBXGroup;
			children = (
				21226D2020E10B2E00D05D94 /* AppDelegateExtension.swift */,
				21226D2120E10B2E00D05D94 /* CALayerExtension.swift */,
				21226D2220E10B2E00D05D94 /* DateExtension.swift */,
				21226D2320E10B2E00D05D94 /* DoubleExtension.swift */,
				21226D2420E10B2E00D05D94 /* NotificationExtension.swift */,
				21226D2520E10B2E00D05D94 /* StringExtension.swift */,
				21226D2620E10B2E00D05D94 /* TimeZoneExtension.swift */,
				21226D2720E10B2E00D05D94 /* UIButtonExtension.swift */,
				21226D2820E10B2E00D05D94 /* UIColorExtension.swift */,
				21226D2920E10B2E00D05D94 /* UIImageExtension.swift */,
				21226D2A20E10B2E00D05D94 /* UIImageViewExtension.swift */,
				21226D2B20E10B2E00D05D94 /* UINavigationBarExtension.swift */,
				21226D2C20E10B2E00D05D94 /* UITableViewCellExtension.swift */,
				21226D2D20E10B2E00D05D94 /* UITextFieldExtension.swift */,
				21226D2E20E10B2E00D05D94 /* UIViewControllerExtension.swift */,
				21226D2F20E10B2E00D05D94 /* UIViewExtension.swift */,
			);
			path = Extensions;
			sourceTree = "<group>";
		};
		21226D3020E10B2E00D05D94 /* Network */ = {
			isa = PBXGroup;
			children = (
				21226D3120E10B2E00D05D94 /* AuthHandler.swift */,
				21226D3220E10B2E00D05D94 /* NetworkConstants.swift */,
			);
			path = Network;
			sourceTree = "<group>";
		};
		21226D3320E10B2E00D05D94 /* Storyboard */ = {
			isa = PBXGroup;
			children = (
				21226CDF20E10AB700D05D94 /* Main.storyboard */,
				21226CE420E10AB700D05D94 /* LaunchScreen.storyboard */,
			);
			path = Storyboard;
			sourceTree = "<group>";
		};
		21226D5B20E10B4B00D05D94 /* Resources */ = {
			isa = PBXGroup;
			children = (
				21226CE220E10AB700D05D94 /* Assets.xcassets */,
				21226CE720E10AB700D05D94 /* Info.plist */,
			);
			path = Resources;
			sourceTree = "<group>";
		};
		690ED783B90782061D868F28 /* Frameworks */ = {
			isa = PBXGroup;
			children = (
				3888E3D3C4D0587C12579E86 /* Pods_SwiftApp.framework */,
				8D6E5A89D2F34D77471BBAEB /* Pods_SwiftAppTests.framework */,
				1F95B65049DF5D8E0ADC2EF6 /* Pods_SwiftAppUITests.framework */,
			);
			name = Frameworks;
			sourceTree = "<group>";
		};
		B4FC5A6C53AFFD8F8B3ACEB0 /* Pods */ = {
			isa = PBXGroup;
			children = (
				EBF190ED0AE7F629B1E95085 /* Pods-SwiftApp.debug.xcconfig */,
				F89622063120AE9F179B2BF8 /* Pods-SwiftApp.release.xcconfig */,
				78964DC6FAECBCA8CD7D57EF /* Pods-SwiftAppTests.debug.xcconfig */,
				A3AE8DAAB5F4D1474A272AB5 /* Pods-SwiftAppTests.release.xcconfig */,
				353C85BD380755B1D24A5EBA /* Pods-SwiftAppUITests.debug.xcconfig */,
				008A4531EF822AB30FDF5A74 /* Pods-SwiftAppUITests.release.xcconfig */,
			);
			name = Pods;
			sourceTree = "<group>";
		};
/* End PBXGroup section */

/* Begin PBXNativeTarget section */
		21226CD720E10AB700D05D94 /* SwiftApp */ = {
			isa = PBXNativeTarget;
			buildConfigurationList = 21226D0020E10AB700D05D94 /* Build configuration list for PBXNativeTarget "SwiftApp" */;
			buildPhases = (
				0E648C55A6420037818FE688 /* [CP] Check Pods Manifest.lock */,
				21226CD420E10AB700D05D94 /* Sources */,
				21226CD520E10AB700D05D94 /* Frameworks */,
				21226CD620E10AB700D05D94 /* Resources */,
				00337BCCBCC060A73279DDD1 /* [CP] Embed Pods Frameworks */,
				423E8957D6D20B6DF1E05CD5 /* [CP] Copy Pods Resources */,
			);
			buildRules = (
			);
			dependencies = (
			);
			name = SwiftApp;
			productName = SwiftApp;
			productReference = 21226CD820E10AB700D05D94 /* SwiftApp.app */;
			productType = "com.apple.product-type.application";
		};
		21226CEB20E10AB700D05D94 /* SwiftAppTests */ = {
			isa = PBXNativeTarget;
			buildConfigurationList = 21226D0320E10AB700D05D94 /* Build configuration list for PBXNativeTarget "SwiftAppTests" */;
			buildPhases = (
				8183025A745CF1A9A9D1E3D8 /* [CP] Check Pods Manifest.lock */,
				21226CE820E10AB700D05D94 /* Sources */,
				21226CE920E10AB700D05D94 /* Frameworks */,
				21226CEA20E10AB700D05D94 /* Resources */,
				B8BA131E31D5C298DDD23114 /* [CP] Embed Pods Frameworks */,
				55FE5858E17F20700005BC45 /* [CP] Copy Pods Resources */,
			);
			buildRules = (
			);
			dependencies = (
				21226CEE20E10AB700D05D94 /* PBXTargetDependency */,
			);
			name = SwiftAppTests;
			productName = SwiftAppTests;
			productReference = 21226CEC20E10AB700D05D94 /* SwiftAppTests.xctest */;
			productType = "com.apple.product-type.bundle.unit-test";
		};
		21226CF620E10AB700D05D94 /* SwiftAppUITests */ = {
			isa = PBXNativeTarget;
			buildConfigurationList = 21226D0620E10AB700D05D94 /* Build configuration list for PBXNativeTarget "SwiftAppUITests" */;
			buildPhases = (
				5AD5C4133F7EBD3802C3A5A9 /* [CP] Check Pods Manifest.lock */,
				21226CF320E10AB700D05D94 /* Sources */,
				21226CF420E10AB700D05D94 /* Frameworks */,
				21226CF520E10AB700D05D94 /* Resources */,
				1A4D21884514BF4C4AD55F7D /* [CP] Embed Pods Frameworks */,
				6C6D7E54BE2D29B1A592A5F1 /* [CP] Copy Pods Resources */,
			);
			buildRules = (
			);
			dependencies = (
				21226CF920E10AB700D05D94 /* PBXTargetDependency */,
			);
			name = SwiftAppUITests;
			productName = SwiftAppUITests;
			productReference = 21226CF720E10AB700D05D94 /* SwiftAppUITests.xctest */;
			productType = "com.apple.product-type.bundle.ui-testing";
		};
/* End PBXNativeTarget section */

/* Begin PBXProject section */
		21226CD020E10AB700D05D94 /* Project object */ = {
			isa = PBXProject;
			attributes = {
				LastSwiftUpdateCheck = 0920;
				LastUpgradeCheck = 0920;
				ORGANIZATIONNAME = experion;
				TargetAttributes = {
					21226CD720E10AB700D05D94 = {
						CreatedOnToolsVersion = 9.2;
						ProvisioningStyle = Automatic;
					};
					21226CEB20E10AB700D05D94 = {
						CreatedOnToolsVersion = 9.2;
						ProvisioningStyle = Automatic;
						TestTargetID = 21226CD720E10AB700D05D94;
					};
					21226CF620E10AB700D05D94 = {
						CreatedOnToolsVersion = 9.2;
						ProvisioningStyle = Automatic;
						TestTargetID = 21226CD720E10AB700D05D94;
					};
				};
			};
			buildConfigurationList = 21226CD320E10AB700D05D94 /* Build configuration list for PBXProject "SwiftApp" */;
			compatibilityVersion = "Xcode 8.0";
			developmentRegion = en;
			hasScannedForEncodings = 0;
			knownRegions = (
				en,
				Base,
			);
			mainGroup = 21226CCF20E10AB700D05D94;
			productRefGroup = 21226CD920E10AB700D05D94 /* Products */;
			projectDirPath = "";
			projectRoot = "";
			targets = (
				21226CD720E10AB700D05D94 /* SwiftApp */,
				21226CEB20E10AB700D05D94 /* SwiftAppTests */,
				21226CF620E10AB700D05D94 /* SwiftAppUITests */,
			);
		};
/* End PBXProject section */

/* Begin PBXResourcesBuildPhase section */
		21226CD620E10AB700D05D94 /* Resources */ = {
			isa = PBXResourcesBuildPhase;
			buildActionMask = 2147483647;
			files = (
				21226CE620E10AB700D05D94 /* LaunchScreen.storyboard in Resources */,
				21226CE320E10AB700D05D94 /* Assets.xcassets in Resources */,
				21226CE120E10AB700D05D94 /* Main.storyboard in Resources */,
				21226D4520E10B2E00D05D94 /* ButtonCell.xib in Resources */,
			);
			runOnlyForDeploymentPostprocessing = 0;
		};
		21226CEA20E10AB700D05D94 /* Resources */ = {
			isa = PBXResourcesBuildPhase;
			buildActionMask = 2147483647;
			files = (
			);
			runOnlyForDeploymentPostprocessing = 0;
		};
		21226CF520E10AB700D05D94 /* Resources */ = {
			isa = PBXResourcesBuildPhase;
			buildActionMask = 2147483647;
			files = (
			);
			runOnlyForDeploymentPostprocessing = 0;
		};
/* End PBXResourcesBuildPhase section */

/* Begin PBXShellScriptBuildPhase section */
		00337BCCBCC060A73279DDD1 /* [CP] Embed Pods Frameworks */ = {
			isa = PBXShellScriptBuildPhase;
			buildActionMask = 2147483647;
			files = (
			);
			inputPaths = (
				"${SRCROOT}/Pods/Target Support Files/Pods-SwiftApp/Pods-SwiftApp-frameworks.sh",
				"${BUILT_PRODUCTS_DIR}/Alamofire/Alamofire.framework",
				"${BUILT_PRODUCTS_DIR}/AlamofireObjectMapper/AlamofireObjectMapper.framework",
				"${BUILT_PRODUCTS_DIR}/IQKeyboardManagerSwift/IQKeyboardManagerSwift.framework",
				"${BUILT_PRODUCTS_DIR}/ObjectMapper/ObjectMapper.framework",
			);
			name = "[CP] Embed Pods Frameworks";
			outputPaths = (
				"${TARGET_BUILD_DIR}/${FRAMEWORKS_FOLDER_PATH}/Alamofire.framework",
				"${TARGET_BUILD_DIR}/${FRAMEWORKS_FOLDER_PATH}/AlamofireObjectMapper.framework",
				"${TARGET_BUILD_DIR}/${FRAMEWORKS_FOLDER_PATH}/IQKeyboardManagerSwift.framework",
				"${TARGET_BUILD_DIR}/${FRAMEWORKS_FOLDER_PATH}/ObjectMapper.framework",
			);
			runOnlyForDeploymentPostprocessing = 0;
			shellPath = /bin/sh;
			shellScript = "\"${SRCROOT}/Pods/Target Support Files/Pods-SwiftApp/Pods-SwiftApp-frameworks.sh\"\n";
			showEnvVarsInLog = 0;
		};
		0E648C55A6420037818FE688 /* [CP] Check Pods Manifest.lock */ = {
			isa = PBXShellScriptBuildPhase;
			buildActionMask = 2147483647;
			files = (
			);
			inputPaths = (
				"${PODS_PODFILE_DIR_PATH}/Podfile.lock",
				"${PODS_ROOT}/Manifest.lock",
			);
			name = "[CP] Check Pods Manifest.lock";
			outputPaths = (
				"$(DERIVED_FILE_DIR)/Pods-SwiftApp-checkManifestLockResult.txt",
			);
			runOnlyForDeploymentPostprocessing = 0;
			shellPath = /bin/sh;
			shellScript = "diff \"${PODS_PODFILE_DIR_PATH}/Podfile.lock\" \"${PODS_ROOT}/Manifest.lock\" > /dev/null\nif [ $? != 0 ] ; then\n    # print error to STDERR\n    echo \"error: The sandbox is not in sync with the Podfile.lock. Run 'pod install' or update your CocoaPods installation.\" >&2\n    exit 1\nfi\n# This output is used by Xcode 'outputs' to avoid re-running this script phase.\necho \"SUCCESS\" > \"${SCRIPT_OUTPUT_FILE_0}\"\n";
			showEnvVarsInLog = 0;
		};
		1A4D21884514BF4C4AD55F7D /* [CP] Embed Pods Frameworks */ = {
			isa = PBXShellScriptBuildPhase;
			buildActionMask = 2147483647;
			files = (
			);
			inputPaths = (
			);
			name = "[CP] Embed Pods Frameworks";
			outputPaths = (
			);
			runOnlyForDeploymentPostprocessing = 0;
			shellPath = /bin/sh;
			shellScript = "\"${SRCROOT}/Pods/Target Support Files/Pods-SwiftAppUITests/Pods-SwiftAppUITests-frameworks.sh\"\n";
			showEnvVarsInLog = 0;
		};
		423E8957D6D20B6DF1E05CD5 /* [CP] Copy Pods Resources */ = {
			isa = PBXShellScriptBuildPhase;
			buildActionMask = 2147483647;
			files = (
			);
			inputPaths = (
			);
			name = "[CP] Copy Pods Resources";
			outputPaths = (
			);
			runOnlyForDeploymentPostprocessing = 0;
			shellPath = /bin/sh;
			shellScript = "\"${SRCROOT}/Pods/Target Support Files/Pods-SwiftApp/Pods-SwiftApp-resources.sh\"\n";
			showEnvVarsInLog = 0;
		};
		55FE5858E17F20700005BC45 /* [CP] Copy Pods Resources */ = {
			isa = PBXShellScriptBuildPhase;
			buildActionMask = 2147483647;
			files = (
			);
			inputPaths = (
			);
			name = "[CP] Copy Pods Resources";
			outputPaths = (
			);
			runOnlyForDeploymentPostprocessing = 0;
			shellPath = /bin/sh;
			shellScript = "\"${SRCROOT}/Pods/Target Support Files/Pods-SwiftAppTests/Pods-SwiftAppTests-resources.sh\"\n";
			showEnvVarsInLog = 0;
		};
		5AD5C4133F7EBD3802C3A5A9 /* [CP] Check Pods Manifest.lock */ = {
			isa = PBXShellScriptBuildPhase;
			buildActionMask = 2147483647;
			files = (
			);
			inputPaths = (
				"${PODS_PODFILE_DIR_PATH}/Podfile.lock",
				"${PODS_ROOT}/Manifest.lock",
			);
			name = "[CP] Check Pods Manifest.lock";
			outputPaths = (
				"$(DERIVED_FILE_DIR)/Pods-SwiftAppUITests-checkManifestLockResult.txt",
			);
			runOnlyForDeploymentPostprocessing = 0;
			shellPath = /bin/sh;
			shellScript = "diff \"${PODS_PODFILE_DIR_PATH}/Podfile.lock\" \"${PODS_ROOT}/Manifest.lock\" > /dev/null\nif [ $? != 0 ] ; then\n    # print error to STDERR\n    echo \"error: The sandbox is not in sync with the Podfile.lock. Run 'pod install' or update your CocoaPods installation.\" >&2\n    exit 1\nfi\n# This output is used by Xcode 'outputs' to avoid re-running this script phase.\necho \"SUCCESS\" > \"${SCRIPT_OUTPUT_FILE_0}\"\n";
			showEnvVarsInLog = 0;
		};
		6C6D7E54BE2D29B1A592A5F1 /* [CP] Copy Pods Resources */ = {
			isa = PBXShellScriptBuildPhase;
			buildActionMask = 2147483647;
			files = (
			);
			inputPaths = (
			);
			name = "[CP] Copy Pods Resources";
			outputPaths = (
			);
			runOnlyForDeploymentPostprocessing = 0;
			shellPath = /bin/sh;
			shellScript = "\"${SRCROOT}/Pods/Target Support Files/Pods-SwiftAppUITests/Pods-SwiftAppUITests-resources.sh\"\n";
			showEnvVarsInLog = 0;
		};
		8183025A745CF1A9A9D1E3D8 /* [CP] Check Pods Manifest.lock */ = {
			isa = PBXShellScriptBuildPhase;
			buildActionMask = 2147483647;
			files = (
			);
			inputPaths = (
				"${PODS_PODFILE_DIR_PATH}/Podfile.lock",
				"${PODS_ROOT}/Manifest.lock",
			);
			name = "[CP] Check Pods Manifest.lock";
			outputPaths = (
				"$(DERIVED_FILE_DIR)/Pods-SwiftAppTests-checkManifestLockResult.txt",
			);
			runOnlyForDeploymentPostprocessing = 0;
			shellPath = /bin/sh;
			shellScript = "diff \"${PODS_PODFILE_DIR_PATH}/Podfile.lock\" \"${PODS_ROOT}/Manifest.lock\" > /dev/null\nif [ $? != 0 ] ; then\n    # print error to STDERR\n    echo \"error: The sandbox is not in sync with the Podfile.lock. Run 'pod install' or update your CocoaPods installation.\" >&2\n    exit 1\nfi\n# This output is used by Xcode 'outputs' to avoid re-running this script phase.\necho \"SUCCESS\" > \"${SCRIPT_OUTPUT_FILE_0}\"\n";
			showEnvVarsInLog = 0;
		};
		B8BA131E31D5C298DDD23114 /* [CP] Embed Pods Frameworks */ = {
			isa = PBXShellScriptBuildPhase;
			buildActionMask = 2147483647;
			files = (
			);
			inputPaths = (
			);
			name = "[CP] Embed Pods Frameworks";
			outputPaths = (
			);
			runOnlyForDeploymentPostprocessing = 0;
			shellPath = /bin/sh;
			shellScript = "\"${SRCROOT}/Pods/Target Support Files/Pods-SwiftAppTests/Pods-SwiftAppTests-frameworks.sh\"\n";
			showEnvVarsInLog = 0;
		};
/* End PBXShellScriptBuildPhase section */

/* Begin PBXSourcesBuildPhase section */
		21226CD420E10AB700D05D94 /* Sources */ = {
			isa = PBXSourcesBuildPhase;
			buildActionMask = 2147483647;
			files = (
				21226D4A20E10B2E00D05D94 /* DoubleExtension.swift in Sources */,
				21226D4320E10B2E00D05D94 /* Reachability.swift in Sources */,
				21226D4020E10B2E00D05D94 /* ActionButtonItem.swift in Sources */,
				21226D3C20E10B2E00D05D94 /* LoginViewController.swift in Sources */,
				21226D3820E10B2E00D05D94 /* AppDelegate.swift in Sources */,
				21226D5320E10B2E00D05D94 /* UITableViewCellExtension.swift in Sources */,
				21226D5620E10B2E00D05D94 /* UIViewExtension.swift in Sources */,
				21226D5120E10B2E00D05D94 /* UIImageViewExtension.swift in Sources */,
				21226D3A20E10B2E00D05D94 /* main.swift in Sources */,
				21226D4920E10B2E00D05D94 /* DateExtension.swift in Sources */,
				21226D4120E10B2E00D05D94 /* FloatingLabelTextField.swift in Sources */,
				21226D4620E10B2E00D05D94 /* PagerTabStrip.swift in Sources */,
				21226D5020E10B2E00D05D94 /* UIImageExtension.swift in Sources */,
				21226D3B20E10B2E00D05D94 /* ForgotPasswordViewController.swift in Sources */,
				21226D4420E10B2E00D05D94 /* ToastAlert.swift in Sources */,
				21226D3920E10B2E00D05D94 /* InactivityTimer.swift in Sources */,
				21226D4B20E10B2E00D05D94 /* NotificationExtension.swift in Sources */,
				21226D5720E10B2E00D05D94 /* AuthHandler.swift in Sources */,
				21226D3E20E10B2E00D05D94 /* ColorPicker.swift in Sources */,
				21226D4720E10B2E00D05D94 /* AppDelegateExtension.swift in Sources */,
				21226D5520E10B2E00D05D94 /* UIViewControllerExtension.swift in Sources */,
				21226D4F20E10B2E00D05D94 /* UIColorExtension.swift in Sources */,
				21226D4E20E10B2E00D05D94 /* UIButtonExtension.swift in Sources */,
				21226D4D20E10B2E00D05D94 /* TimeZoneExtension.swift in Sources */,
				21226D3D20E10B2E00D05D94 /* Constants.swift in Sources */,
				21226D4820E10B2E00D05D94 /* CALayerExtension.swift in Sources */,
				21226D5420E10B2E00D05D94 /* UITextFieldExtension.swift in Sources */,
				21226D4220E10B2E00D05D94 /* KeychainWrapper.swift in Sources */,
				21226D5220E10B2E00D05D94 /* UINavigationBarExtension.swift in Sources */,
				21226D4C20E10B2E00D05D94 /* StringExtension.swift in Sources */,
				21226D5820E10B2E00D05D94 /* NetworkConstants.swift in Sources */,
				21226D3F20E10B2E00D05D94 /* ActionButton.swift in Sources */,
			);
			runOnlyForDeploymentPostprocessing = 0;
		};
		21226CE820E10AB700D05D94 /* Sources */ = {
			isa = PBXSourcesBuildPhase;
			buildActionMask = 2147483647;
			files = (
				21226CF120E10AB700D05D94 /* SwiftAppTests.swift in Sources */,
			);
			runOnlyForDeploymentPostprocessing = 0;
		};
		21226CF320E10AB700D05D94 /* Sources */ = {
			isa = PBXSourcesBuildPhase;
			buildActionMask = 2147483647;
			files = (
				21226CFC20E10AB700D05D94 /* SwiftAppUITests.swift in Sources */,
			);
			runOnlyForDeploymentPostprocessing = 0;
		};
/* End PBXSourcesBuildPhase section */

/* Begin PBXTargetDependency section */
		21226CEE20E10AB700D05D94 /* PBXTargetDependency */ = {
			isa = PBXTargetDependency;
			target = 21226CD720E10AB700D05D94 /* SwiftApp */;
			targetProxy = 21226CED20E10AB700D05D94 /* PBXContainerItemProxy */;
		};
		21226CF920E10AB700D05D94 /* PBXTargetDependency */ = {
			isa = PBXTargetDependency;
			target = 21226CD720E10AB700D05D94 /* SwiftApp */;
			targetProxy = 21226CF820E10AB700D05D94 /* PBXContainerItemProxy */;
		};
/* End PBXTargetDependency section */

/* Begin PBXVariantGroup section */
		21226CDF20E10AB700D05D94 /* Main.storyboard */ = {
			isa = PBXVariantGroup;
			children = (
				21226CE020E10AB700D05D94 /* Base */,
			);
			name = Main.storyboard;
			sourceTree = "<group>";
		};
		21226CE420E10AB700D05D94 /* LaunchScreen.storyboard */ = {
			isa = PBXVariantGroup;
			children = (
				21226CE520E10AB700D05D94 /* Base */,
			);
			name = LaunchScreen.storyboard;
			sourceTree = "<group>";
		};
/* End PBXVariantGroup section */

/* Begin XCBuildConfiguration section */
		21226CFE20E10AB700D05D94 /* Debug */ = {
			isa = XCBuildConfiguration;
			buildSettings = {
				ALWAYS_SEARCH_USER_PATHS = NO;
				CLANG_ANALYZER_NONNULL = YES;
				CLANG_ANALYZER_NUMBER_OBJECT_CONVERSION = YES_AGGRESSIVE;
				CLANG_CXX_LANGUAGE_STANDARD = "gnu++14";
				CLANG_CXX_LIBRARY = "libc++";
				CLANG_ENABLE_MODULES = YES;
				CLANG_ENABLE_OBJC_ARC = YES;
				CLANG_WARN_BLOCK_CAPTURE_AUTORELEASING = YES;
				CLANG_WARN_BOOL_CONVERSION = YES;
				CLANG_WARN_COMMA = YES;
				CLANG_WARN_CONSTANT_CONVERSION = YES;
				CLANG_WARN_DIRECT_OBJC_ISA_USAGE = YES_ERROR;
				CLANG_WARN_DOCUMENTATION_COMMENTS = YES;
				CLANG_WARN_EMPTY_BODY = YES;
				CLANG_WARN_ENUM_CONVERSION = YES;
				CLANG_WARN_INFINITE_RECURSION = YES;
				CLANG_WARN_INT_CONVERSION = YES;
				CLANG_WARN_NON_LITERAL_NULL_CONVERSION = YES;
				CLANG_WARN_OBJC_LITERAL_CONVERSION = YES;
				CLANG_WARN_OBJC_ROOT_CLASS = YES_ERROR;
				CLANG_WARN_RANGE_LOOP_ANALYSIS = YES;
				CLANG_WARN_STRICT_PROTOTYPES = YES;
				CLANG_WARN_SUSPICIOUS_MOVE = YES;
				CLANG_WARN_UNGUARDED_AVAILABILITY = YES_AGGRESSIVE;
				CLANG_WARN_UNREACHABLE_CODE = YES;
				CLANG_WARN__DUPLICATE_METHOD_MATCH = YES;
				CODE_SIGN_IDENTITY = "iPhone Developer";
				COPY_PHASE_STRIP = NO;
				DEBUG_INFORMATION_FORMAT = dwarf;
				ENABLE_STRICT_OBJC_MSGSEND = YES;
				ENABLE_TESTABILITY = YES;
				GCC_C_LANGUAGE_STANDARD = gnu11;
				GCC_DYNAMIC_NO_PIC = NO;
				GCC_NO_COMMON_BLOCKS = YES;
				GCC_OPTIMIZATION_LEVEL = 0;
				GCC_PREPROCESSOR_DEFINITIONS = (
					"DEBUG=1",
					"$(inherited)",
				);
				GCC_WARN_64_TO_32_BIT_CONVERSION = YES;
				GCC_WARN_ABOUT_RETURN_TYPE = YES_ERROR;
				GCC_WARN_UNDECLARED_SELECTOR = YES;
				GCC_WARN_UNINITIALIZED_AUTOS = YES_AGGRESSIVE;
				GCC_WARN_UNUSED_FUNCTION = YES;
				GCC_WARN_UNUSED_VARIABLE = YES;
				IPHONEOS_DEPLOYMENT_TARGET = 11.2;
				MTL_ENABLE_DEBUG_INFO = YES;
				ONLY_ACTIVE_ARCH = YES;
				SDKROOT = iphoneos;
				SWIFT_ACTIVE_COMPILATION_CONDITIONS = DEBUG;
				SWIFT_OPTIMIZATION_LEVEL = "-Onone";
			};
			name = Debug;
		};
		21226CFF20E10AB700D05D94 /* Release */ = {
			isa = XCBuildConfiguration;
			buildSettings = {
				ALWAYS_SEARCH_USER_PATHS = NO;
				CLANG_ANALYZER_NONNULL = YES;
				CLANG_ANALYZER_NUMBER_OBJECT_CONVERSION = YES_AGGRESSIVE;
				CLANG_CXX_LANGUAGE_STANDARD = "gnu++14";
				CLANG_CXX_LIBRARY = "libc++";
				CLANG_ENABLE_MODULES = YES;
				CLANG_ENABLE_OBJC_ARC = YES;
				CLANG_WARN_BLOCK_CAPTURE_AUTORELEASING = YES;
				CLANG_WARN_BOOL_CONVERSION = YES;
				CLANG_WARN_COMMA = YES;
				CLANG_WARN_CONSTANT_CONVERSION = YES;
				CLANG_WARN_DIRECT_OBJC_ISA_USAGE = YES_ERROR;
				CLANG_WARN_DOCUMENTATION_COMMENTS = YES;
				CLANG_WARN_EMPTY_BODY = YES;
				CLANG_WARN_ENUM_CONVERSION = YES;
				CLANG_WARN_INFINITE_RECURSION = YES;
				CLANG_WARN_INT_CONVERSION = YES;
				CLANG_WARN_NON_LITERAL_NULL_CONVERSION = YES;
				CLANG_WARN_OBJC_LITERAL_CONVERSION = YES;
				CLANG_WARN_OBJC_ROOT_CLASS = YES_ERROR;
				CLANG_WARN_RANGE_LOOP_ANALYSIS = YES;
				CLANG_WARN_STRICT_PROTOTYPES = YES;
				CLANG_WARN_SUSPICIOUS_MOVE = YES;
				CLANG_WARN_UNGUARDED_AVAILABILITY = YES_AGGRESSIVE;
				CLANG_WARN_UNREACHABLE_CODE = YES;
				CLANG_WARN__DUPLICATE_METHOD_MATCH = YES;
				CODE_SIGN_IDENTITY = "iPhone Developer";
				COPY_PHASE_STRIP = NO;
				DEBUG_INFORMATION_FORMAT = "dwarf-with-dsym";
				ENABLE_NS_ASSERTIONS = NO;
				ENABLE_STRICT_OBJC_MSGSEND = YES;
				GCC_C_LANGUAGE_STANDARD = gnu11;
				GCC_NO_COMMON_BLOCKS = YES;
				GCC_WARN_64_TO_32_BIT_CONVERSION = YES;
				GCC_WARN_ABOUT_RETURN_TYPE = YES_ERROR;
				GCC_WARN_UNDECLARED_SELECTOR = YES;
				GCC_WARN_UNINITIALIZED_AUTOS = YES_AGGRESSIVE;
				GCC_WARN_UNUSED_FUNCTION = YES;
				GCC_WARN_UNUSED_VARIABLE = YES;
				IPHONEOS_DEPLOYMENT_TARGET = 11.2;
				MTL_ENABLE_DEBUG_INFO = NO;
				SDKROOT = iphoneos;
				SWIFT_OPTIMIZATION_LEVEL = "-Owholemodule";
				VALIDATE_PRODUCT = YES;
			};
			name = Release;
		};
		21226D0120E10AB700D05D94 /* Debug */ = {
			isa = XCBuildConfiguration;
			baseConfigurationReference = EBF190ED0AE7F629B1E95085 /* Pods-SwiftApp.debug.xcconfig */;
			buildSettings = {
				ASSETCATALOG_COMPILER_APPICON_NAME = AppIcon;
				CODE_SIGN_STYLE = Automatic;
				DEVELOPMENT_TEAM = 6KLQA7GG45;
				INFOPLIST_FILE = SwiftApp/Resources/Info.plist;
				LD_RUNPATH_SEARCH_PATHS = "$(inherited) @executable_path/Frameworks";
				PRODUCT_BUNDLE_IDENTIFIER = com.mathews.SwiftApp;
				PRODUCT_NAME = "$(TARGET_NAME)";
				SWIFT_VERSION = 4.0;
				TARGETED_DEVICE_FAMILY = "1,2";
			};
			name = Debug;
		};
		21226D0220E10AB700D05D94 /* Release */ = {
			isa = XCBuildConfiguration;
			baseConfigurationReference = F89622063120AE9F179B2BF8 /* Pods-SwiftApp.release.xcconfig */;
			buildSettings = {
				ASSETCATALOG_COMPILER_APPICON_NAME = AppIcon;
				CODE_SIGN_STYLE = Automatic;
				DEVELOPMENT_TEAM = 6KLQA7GG45;
				INFOPLIST_FILE = SwiftApp/Resources/Info.plist;
				LD_RUNPATH_SEARCH_PATHS = "$(inherited) @executable_path/Frameworks";
				PRODUCT_BUNDLE_IDENTIFIER = com.mathews.SwiftApp;
				PRODUCT_NAME = "$(TARGET_NAME)";
				SWIFT_VERSION = 4.0;
				TARGETED_DEVICE_FAMILY = "1,2";
			};
			name = Release;
		};
		21226D0420E10AB700D05D94 /* Debug */ = {
			isa = XCBuildConfiguration;
			baseConfigurationReference = 78964DC6FAECBCA8CD7D57EF /* Pods-SwiftAppTests.debug.xcconfig */;
			buildSettings = {
				ALWAYS_EMBED_SWIFT_STANDARD_LIBRARIES = YES;
				BUNDLE_LOADER = "$(TEST_HOST)";
				CODE_SIGN_STYLE = Automatic;
				DEVELOPMENT_TEAM = 6KLQA7GG45;
				INFOPLIST_FILE = SwiftAppTests/Info.plist;
				LD_RUNPATH_SEARCH_PATHS = "$(inherited) @executable_path/Frameworks @loader_path/Frameworks";
				PRODUCT_BUNDLE_IDENTIFIER = com.mathews.SwiftAppTests;
				PRODUCT_NAME = "$(TARGET_NAME)";
				SWIFT_VERSION = 4.0;
				TARGETED_DEVICE_FAMILY = "1,2";
				TEST_HOST = "$(BUILT_PRODUCTS_DIR)/SwiftApp.app/SwiftApp";
			};
			name = Debug;
		};
		21226D0520E10AB700D05D94 /* Release */ = {
			isa = XCBuildConfiguration;
			baseConfigurationReference = A3AE8DAAB5F4D1474A272AB5 /* Pods-SwiftAppTests.release.xcconfig */;
			buildSettings = {
				ALWAYS_EMBED_SWIFT_STANDARD_LIBRARIES = YES;
				BUNDLE_LOADER = "$(TEST_HOST)";
				CODE_SIGN_STYLE = Automatic;
				DEVELOPMENT_TEAM = 6KLQA7GG45;
				INFOPLIST_FILE = SwiftAppTests/Info.plist;
				LD_RUNPATH_SEARCH_PATHS = "$(inherited) @executable_path/Frameworks @loader_path/Frameworks";
				PRODUCT_BUNDLE_IDENTIFIER = com.mathews.SwiftAppTests;
				PRODUCT_NAME = "$(TARGET_NAME)";
				SWIFT_VERSION = 4.0;
				TARGETED_DEVICE_FAMILY = "1,2";
				TEST_HOST = "$(BUILT_PRODUCTS_DIR)/SwiftApp.app/SwiftApp";
			};
			name = Release;
		};
		21226D0720E10AB700D05D94 /* Debug */ = {
			isa = XCBuildConfiguration;
			baseConfigurationReference = 353C85BD380755B1D24A5EBA /* Pods-SwiftAppUITests.debug.xcconfig */;
			buildSettings = {
				ALWAYS_EMBED_SWIFT_STANDARD_LIBRARIES = YES;
				CODE_SIGN_STYLE = Automatic;
				DEVELOPMENT_TEAM = 6KLQA7GG45;
				INFOPLIST_FILE = SwiftAppUITests/Info.plist;
				LD_RUNPATH_SEARCH_PATHS = "$(inherited) @executable_path/Frameworks @loader_path/Frameworks";
				PRODUCT_BUNDLE_IDENTIFIER = com.mathews.SwiftAppUITests;
				PRODUCT_NAME = "$(TARGET_NAME)";
				SWIFT_VERSION = 4.0;
				TARGETED_DEVICE_FAMILY = "1,2";
				TEST_TARGET_NAME = SwiftApp;
			};
			name = Debug;
		};
		21226D0820E10AB700D05D94 /* Release */ = {
			isa = XCBuildConfiguration;
			baseConfigurationReference = 008A4531EF822AB30FDF5A74 /* Pods-SwiftAppUITests.release.xcconfig */;
			buildSettings = {
				ALWAYS_EMBED_SWIFT_STANDARD_LIBRARIES = YES;
				CODE_SIGN_STYLE = Automatic;
				DEVELOPMENT_TEAM = 6KLQA7GG45;
				INFOPLIST_FILE = SwiftAppUITests/Info.plist;
				LD_RUNPATH_SEARCH_PATHS = "$(inherited) @executable_path/Frameworks @loader_path/Frameworks";
				PRODUCT_BUNDLE_IDENTIFIER = com.mathews.SwiftAppUITests;
				PRODUCT_NAME = "$(TARGET_NAME)";
				SWIFT_VERSION = 4.0;
				TARGETED_DEVICE_FAMILY = "1,2";
				TEST_TARGET_NAME = SwiftApp;
			};
			name = Release;
		};
/* End XCBuildConfiguration section */

/* Begin XCConfigurationList section */
		21226CD320E10AB700D05D94 /* Build configuration list for PBXProject "SwiftApp" */ = {
			isa = XCConfigurationList;
			buildConfigurations = (
				21226CFE20E10AB700D05D94 /* Debug */,
				21226CFF20E10AB700D05D94 /* Release */,
			);
			defaultConfigurationIsVisible = 0;
			defaultConfigurationName = Release;
		};
		21226D0020E10AB700D05D94 /* Build configuration list for PBXNativeTarget "SwiftApp" */ = {
			isa = XCConfigurationList;
			buildConfigurations = (
				21226D0120E10AB700D05D94 /* Debug */,
				21226D0220E10AB700D05D94 /* Release */,
			);
			defaultConfigurationIsVisible = 0;
			defaultConfigurationName = Release;
		};
		21226D0320E10AB700D05D94 /* Build configuration list for PBXNativeTarget "SwiftAppTests" */ = {
			isa = XCConfigurationList;
			buildConfigurations = (
				21226D0420E10AB700D05D94 /* Debug */,
				21226D0520E10AB700D05D94 /* Release */,
			);
			defaultConfigurationIsVisible = 0;
			defaultConfigurationName = Release;
		};
		21226D0620E10AB700D05D94 /* Build configuration list for PBXNativeTarget "SwiftAppUITests" */ = {
			isa = XCConfigurationList;
			buildConfigurations = (
				21226D0720E10AB700D05D94 /* Debug */,
				21226D0820E10AB700D05D94 /* Release */,
			);
			defaultConfigurationIsVisible = 0;
			defaultConfigurationName = Release;
		};
/* End XCConfigurationList section */
	};
	rootObject = 21226CD020E10AB700D05D94 /* Project object */;
}
